
Microsoft Visual Studio Solution File, Format Version 12.00
# Visual Studio 14
VisualStudioVersion = 14.0.25420.1
MinimumVisualStudioVersion = 10.0.40219.1
Project("{FAE04EC0-301F-11D3-BF4B-00C04F79EFBC}") = "Exemplo01", "Exemplo01\Exemplo01.csproj", "{C835D1FF-E84A-4600-ADC1-8A3A2970FBDB}"
EndProject
Project("{FAE04EC0-301F-11D3-BF4B-00C04F79EFBC}") = "Exemplo02", "Exemplo02\Exemplo02.csproj", "{4548116C-E1B4-4243-947C-F3D1C2B7A7F4}"
EndProject
Project("{FAE04EC0-301F-11D3-BF4B-00C04F79EFBC}") = "Exemplo03", "Exemplo03\Exemplo03.csproj", "{5B50928C-6566-4872-8B4D-1AF9E0D74CC8}"
EndProject
Project("{FAE04EC0-301F-11D3-BF4B-00C04F79EFBC}") = "Exemplo04", "Exemplo04\Exemplo04.csproj", "{5F3EFEBF-BE6C-435C-8AA5-C166EB286AF0}"
EndProject
Project("{FAE04EC0-301F-11D3-BF4B-00C04F79EFBC}") = "Exemplo05", "Exemplo05\Exemplo05.csproj", "{F1F20483-BD9C-407C-A19F-12DBB033009C}"
EndProject
Project("{FAE04EC0-301F-11D3-BF4B-00C04F79EFBC}") = "Exemplo06", "Exemplo06\Exemplo06.csproj", "{29684F81-76DD-419B-8A35-4ACDBE5E6C13}"
EndProject
Project("{FAE04EC0-301F-11D3-BF4B-00C04F79EFBC}") = "Exemplo07", "Exemplo07\Exemplo07.csproj", "{77DF8156-A845-4D01-AB33-BBC27FC91B06}"
EndProject
Project("{FAE04EC0-301F-11D3-BF4B-00C04F79EFBC}") = "Exemplo08", "Exemplo08\Exemplo08.csproj", "{9E692846-C150-478F-A402-3708B5B6BB55}"
EndProject
Project("{FAE04EC0-301F-11D3-BF4B-00C04F79EFBC}") = "Exemplo09", "Exemplo09\Exemplo09.csproj", "{B25D2D90-0342-4C9F-8147-19C0649FFDCA}"
EndProject
Project("{FAE04EC0-301F-11D3-BF4B-00C04F79EFBC}") = "Exemplo10", "Exemplo10\Exemplo10.csproj", "{14ADDB00-6E2E-4EFB-9517-F99707578BA1}"
EndProject
Project("{FAE04EC0-301F-11D3-BF4B-00C04F79EFBC}") = "Exemplo11", "Exemplo11\Exemplo11.csproj", "{E7578BD7-074D-4433-BAAC-9369BF09E8E3}"
EndProject
Project("{FAE04EC0-301F-11D3-BF4B-00C04F79EFBC}") = "Exemplo12", "Exemplo12\Exemplo12.csproj", "{88BF2515-4DEA-4EA6-9FC2-542D836D5DB1}"
EndProject
Project("{FAE04EC0-301F-11D3-BF4B-00C04F79EFBC}") = "Exemplo13", "Exemplo13\Exemplo13.csproj", "{1D9C798E-1CE2-417E-8746-8703664294C4}"
EndProject
Global
	GlobalSection(SolutionConfigurationPlatforms) = preSolution
		Debug|Any CPU = Debug|Any CPU
		Release|Any CPU = Release|Any CPU
	EndGlobalSection
	GlobalSection(ProjectConfigurationPlatforms) = postSolution
		{C835D1FF-E84A-4600-ADC1-8A3A2970FBDB}.Debug|Any CPU.ActiveCfg = Debug|Any CPU
		{C835D1FF-E84A-4600-ADC1-8A3A2970FBDB}.Debug|Any CPU.Build.0 = Debug|Any CPU
		{C835D1FF-E84A-4600-ADC1-8A3A2970FBDB}.Release|Any CPU.ActiveCfg = Release|Any CPU
		{C835D1FF-E84A-4600-ADC1-8A3A2970FBDB}.Release|Any CPU.Build.0 = Release|Any CPU
		{4548116C-E1B4-4243-947C-F3D1C2B7A7F4}.Debug|Any CPU.ActiveCfg = Debug|Any CPU
		{4548116C-E1B4-4243-947C-F3D1C2B7A7F4}.Debug|Any CPU.Build.0 = Debug|Any CPU
		{4548116C-E1B4-4243-947C-F3D1C2B7A7F4}.Release|Any CPU.ActiveCfg = Release|Any CPU
		{4548116C-E1B4-4243-947C-F3D1C2B7A7F4}.Release|Any CPU.Build.0 = Release|Any CPU
		{5B50928C-6566-4872-8B4D-1AF9E0D74CC8}.Debug|Any CPU.ActiveCfg = Debug|Any CPU
		{5B50928C-6566-4872-8B4D-1AF9E0D74CC8}.Debug|Any CPU.Build.0 = Debug|Any CPU
		{5B50928C-6566-4872-8B4D-1AF9E0D74CC8}.Release|Any CPU.ActiveCfg = Release|Any CPU
		{5B50928C-6566-4872-8B4D-1AF9E0D74CC8}.Release|Any CPU.Build.0 = Release|Any CPU
		{5F3EFEBF-BE6C-435C-8AA5-C166EB286AF0}.Debug|Any CPU.ActiveCfg = Debug|Any CPU
		{5F3EFEBF-BE6C-435C-8AA5-C166EB286AF0}.Debug|Any CPU.Build.0 = Debug|Any CPU
		{5F3EFEBF-BE6C-435C-8AA5-C166EB286AF0}.Release|Any CPU.ActiveCfg = Release|Any CPU
		{5F3EFEBF-BE6C-435C-8AA5-C166EB286AF0}.Release|Any CPU.Build.0 = Release|Any CPU
		{F1F20483-BD9C-407C-A19F-12DBB033009C}.Debug|Any CPU.ActiveCfg = Debug|Any CPU
		{F1F20483-BD9C-407C-A19F-12DBB033009C}.Debug|Any CPU.Build.0 = Debug|Any CPU
		{F1F20483-BD9C-407C-A19F-12DBB033009C}.Release|Any CPU.ActiveCfg = Release|Any CPU
		{F1F20483-BD9C-407C-A19F-12DBB033009C}.Release|Any CPU.Build.0 = Release|Any CPU
		{29684F81-76DD-419B-8A35-4ACDBE5E6C13}.Debug|Any CPU.ActiveCfg = Debug|Any CPU
		{29684F81-76DD-419B-8A35-4ACDBE5E6C13}.Debug|Any CPU.Build.0 = Debug|Any CPU
		{29684F81-76DD-419B-8A35-4ACDBE5E6C13}.Release|Any CPU.ActiveCfg = Release|Any CPU
		{29684F81-76DD-419B-8A35-4ACDBE5E6C13}.Release|Any CPU.Build.0 = Release|Any CPU
		{77DF8156-A845-4D01-AB33-BBC27FC91B06}.Debug|Any CPU.ActiveCfg = Debug|Any CPU
		{77DF8156-A845-4D01-AB33-BBC27FC91B06}.Debug|Any CPU.Build.0 = Debug|Any CPU
		{77DF8156-A845-4D01-AB33-BBC27FC91B06}.Release|Any CPU.ActiveCfg = Release|Any CPU
		{77DF8156-A845-4D01-AB33-BBC27FC91B06}.Release|Any CPU.Build.0 = Release|Any CPU
		{9E692846-C150-478F-A402-3708B5B6BB55}.Debug|Any CPU.ActiveCfg = Debug|Any CPU
		{9E692846-C150-478F-A402-3708B5B6BB55}.Debug|Any CPU.Build.0 = Debug|Any CPU
		{9E692846-C150-478F-A402-3708B5B6BB55}.Release|Any CPU.ActiveCfg = Release|Any CPU
		{9E692846-C150-478F-A402-3708B5B6BB55}.Release|Any CPU.Build.0 = Release|Any CPU
		{B25D2D90-0342-4C9F-8147-19C0649FFDCA}.Debug|Any CPU.ActiveCfg = Debug|Any CPU
		{B25D2D90-0342-4C9F-8147-19C0649FFDCA}.Debug|Any CPU.Build.0 = Debug|Any CPU
		{B25D2D90-0342-4C9F-8147-19C0649FFDCA}.Release|Any CPU.ActiveCfg = Release|Any CPU
		{B25D2D90-0342-4C9F-8147-19C0649FFDCA}.Release|Any CPU.Build.0 = Release|Any CPU
		{14ADDB00-6E2E-4EFB-9517-F99707578BA1}.Debug|Any CPU.ActiveCfg = Debug|Any CPU
		{14ADDB00-6E2E-4EFB-9517-F99707578BA1}.Debug|Any CPU.Build.0 = Debug|Any CPU
		{14ADDB00-6E2E-4EFB-9517-F99707578BA1}.Release|Any CPU.ActiveCfg = Release|Any CPU
		{14ADDB00-6E2E-4EFB-9517-F99707578BA1}.Release|Any CPU.Build.0 = Release|Any CPU
		{E7578BD7-074D-4433-BAAC-9369BF09E8E3}.Debug|Any CPU.ActiveCfg = Debug|Any CPU
		{E7578BD7-074D-4433-BAAC-9369BF09E8E3}.Debug|Any CPU.Build.0 = Debug|Any CPU
		{E7578BD7-074D-4433-BAAC-9369BF09E8E3}.Release|Any CPU.ActiveCfg = Release|Any CPU
		{E7578BD7-074D-4433-BAAC-9369BF09E8E3}.Release|Any CPU.Build.0 = Release|Any CPU
		{88BF2515-4DEA-4EA6-9FC2-542D836D5DB1}.Debug|Any CPU.ActiveCfg = Debug|Any CPU
		{88BF2515-4DEA-4EA6-9FC2-542D836D5DB1}.Debug|Any CPU.Build.0 = Debug|Any CPU
		{88BF2515-4DEA-4EA6-9FC2-542D836D5DB1}.Release|Any CPU.ActiveCfg = Release|Any CPU
		{88BF2515-4DEA-4EA6-9FC2-542D836D5DB1}.Release|Any CPU.Build.0 = Release|Any CPU
		{1D9C798E-1CE2-417E-8746-8703664294C4}.Debug|Any CPU.ActiveCfg = Debug|Any CPU
		{1D9C798E-1CE2-417E-8746-8703664294C4}.Debug|Any CPU.Build.0 = Debug|Any CPU
		{1D9C798E-1CE2-417E-8746-8703664294C4}.Release|Any CPU.ActiveCfg = Release|Any CPU
		{1D9C798E-1CE2-417E-8746-8703664294C4}.Release|Any CPU.Build.0 = Release|Any CPU
	EndGlobalSection
	GlobalSection(SolutionProperties) = preSolution
		HideSolutionNode = FALSE
	EndGlobalSection
EndGlobal
